
Microsoft Visual Studio Solution File, Format Version 12.00
# Visual Studio Version 16
VisualStudioVersion = 16.0.30711.63
MinimumVisualStudioVersion = 10.0.40219.1
Project("{FAE04EC0-301F-11D3-BF4B-00C04F79EFBC}") = "DesktopContatcsApp", "DesktopContatcsApp\DesktopContatcsApp.csproj", "{49A59C7C-00BF-4094-A1C7-546AFB05CF79}"
EndProject
Global
	GlobalSection(SolutionConfigurationPlatforms) = preSolution
		Debug|Any CPU = Debug|Any CPU
		Release|Any CPU = Release|Any CPU
	EndGlobalSection
	GlobalSection(ProjectConfigurationPlatforms) = postSolution
		{49A59C7C-00BF-4094-A1C7-546AFB05CF79}.Debug|Any CPU.ActiveCfg = Debug|Any CPU
		{49A59C7C-00BF-4094-A1C7-546AFB05CF79}.Debug|Any CPU.Build.0 = Debug|Any CPU
		{49A59C7C-00BF-4094-A1C7-546AFB05CF79}.Release|Any CPU.ActiveCfg = Release|Any CPU
		{49A59C7C-00BF-4094-A1C7-546AFB05CF79}.Release|Any CPU.Build.0 = Release|Any CPU
	EndGlobalSection
	GlobalSection(SolutionProperties) = preSolution
		HideSolutionNode = FALSE
	EndGlobalSection
	GlobalSection(ExtensibilityGlobals) = postSolution
		SolutionGuid = {1E6AB462-9081-4D79-A4BC-A25DD1796389}
	EndGlobalSection
EndGlobal
